
Microsoft Visual Studio Solution File, Format Version 12.00
# Visual Studio Version 16
VisualStudioVersion = 16.0.31727.386
MinimumVisualStudioVersion = 10.0.40219.1
Project("{FAE04EC0-301F-11D3-BF4B-00C04F79EFBC}") = "WebApp1", "WebApp1.csproj", "{E00DAE29-8118-4A30-A017-084BD43E540E}"
EndProject
Global
	GlobalSection(SolutionConfigurationPlatforms) = preSolution
		Debug|Any CPU = Debug|Any CPU
		Release|Any CPU = Release|Any CPU
	EndGlobalSection
	GlobalSection(ProjectConfigurationPlatforms) = postSolution
		{E00DAE29-8118-4A30-A017-084BD43E540E}.Debug|Any CPU.ActiveCfg = Debug|Any CPU
		{E00DAE29-8118-4A30-A017-084BD43E540E}.Debug|Any CPU.Build.0 = Debug|Any CPU
		{E00DAE29-8118-4A30-A017-084BD43E540E}.Release|Any CPU.ActiveCfg = Release|Any CPU
		{E00DAE29-8118-4A30-A017-084BD43E540E}.Release|Any CPU.Build.0 = Release|Any CPU
	EndGlobalSection
	GlobalSection(SolutionProperties) = preSolution
		HideSolutionNode = FALSE
	EndGlobalSection
	GlobalSection(ExtensibilityGlobals) = postSolution
		SolutionGuid = {64245103-B8B5-4391-B911-93E97BB251E7}
	EndGlobalSection
EndGlobal
