
Microsoft Visual Studio Solution File, Format Version 12.00
# Visual Studio Version 16
VisualStudioVersion = 16.0.31729.503
MinimumVisualStudioVersion = 10.0.40219.1
Project("{FAE04EC0-301F-11D3-BF4B-00C04F79EFBC}") = "Reflection", "Reflection\Reflection.csproj", "{41C46DDA-CF60-42C8-BF9B-DB2353E26230}"
EndProject
Global
	GlobalSection(SolutionConfigurationPlatforms) = preSolution
		Debug|Any CPU = Debug|Any CPU
		Release|Any CPU = Release|Any CPU
	EndGlobalSection
	GlobalSection(ProjectConfigurationPlatforms) = postSolution
		{41C46DDA-CF60-42C8-BF9B-DB2353E26230}.Debug|Any CPU.ActiveCfg = Debug|Any CPU
		{41C46DDA-CF60-42C8-BF9B-DB2353E26230}.Debug|Any CPU.Build.0 = Debug|Any CPU
		{41C46DDA-CF60-42C8-BF9B-DB2353E26230}.Release|Any CPU.ActiveCfg = Release|Any CPU
		{41C46DDA-CF60-42C8-BF9B-DB2353E26230}.Release|Any CPU.Build.0 = Release|Any CPU
	EndGlobalSection
	GlobalSection(SolutionProperties) = preSolution
		HideSolutionNode = FALSE
	EndGlobalSection
	GlobalSection(ExtensibilityGlobals) = postSolution
		SolutionGuid = {6B5B6496-DBC3-4B12-9DB1-8A9A3E3C5FEC}
	EndGlobalSection
EndGlobal
