
Microsoft Visual Studio Solution File, Format Version 12.00
# Visual Studio Version 16
VisualStudioVersion = 16.0.31729.503
MinimumVisualStudioVersion = 10.0.40219.1
Project("{FAE04EC0-301F-11D3-BF4B-00C04F79EFBC}") = "zad02", "zad02\zad02.csproj", "{7D9A8BB1-D644-49B5-816B-05E40FCEC1B1}"
EndProject
Global
	GlobalSection(SolutionConfigurationPlatforms) = preSolution
		Debug|Any CPU = Debug|Any CPU
		Release|Any CPU = Release|Any CPU
	EndGlobalSection
	GlobalSection(ProjectConfigurationPlatforms) = postSolution
		{7D9A8BB1-D644-49B5-816B-05E40FCEC1B1}.Debug|Any CPU.ActiveCfg = Debug|Any CPU
		{7D9A8BB1-D644-49B5-816B-05E40FCEC1B1}.Debug|Any CPU.Build.0 = Debug|Any CPU
		{7D9A8BB1-D644-49B5-816B-05E40FCEC1B1}.Release|Any CPU.ActiveCfg = Release|Any CPU
		{7D9A8BB1-D644-49B5-816B-05E40FCEC1B1}.Release|Any CPU.Build.0 = Release|Any CPU
	EndGlobalSection
	GlobalSection(SolutionProperties) = preSolution
		HideSolutionNode = FALSE
	EndGlobalSection
	GlobalSection(ExtensibilityGlobals) = postSolution
		SolutionGuid = {435EAE74-56A0-4F29-813C-F1C20950182A}
	EndGlobalSection
EndGlobal
